# @generated by Move, please check-in and do not edit manually.

[move]
version = 0

dependencies = [
  { name = "Oracle" },
  { name = "Sui" },
  { name = "SuiCoin" },
]

[[move.package]]
name = "MoveStdlib"
source = { git = "https://github.com/MystenLabs/sui.git", rev = "testnet", subdir = "crates/sui-framework/packages/move-stdlib" }

[[move.package]]
name = "Oracle"
source = { local = "../oracle" }

dependencies = [
  { name = "Pyth" },
  { name = "Sui" },
]

[[move.package]]
name = "Pyth"
source = { git = "https://github.com/pyth-network/pyth-crosschain.git", rev = "4809a62d161d46f04e25725fba2f41ca86fb1317", subdir = "target_chains/sui/contracts" }

dependencies = [
  { name = "Sui" },
  { name = "Wormhole" },
]

[[move.package]]
name = "Sui"
source = { git = "https://github.com/MystenLabs/sui.git", rev = "testnet", subdir = "crates/sui-framework/packages/sui-framework" }

dependencies = [
  { name = "MoveStdlib" },
]

[[move.package]]
name = "SuiCoin"
source = { local = "../coin" }

dependencies = [
  { name = "Sui" },
]

[[move.package]]
name = "Wormhole"
source = { git = "https://github.com/wormhole-foundation/wormhole.git", rev = "d050ad1d67a5b7da9fb65030aad12ef5d774ccad", subdir = "sui/wormhole" }

dependencies = [
  { name = "Sui" },
]
