# @generated by Move, please check-in and do not edit manually.

[move]
version = 0
manifest_digest = "B569740386CC9E04853290FC12439E04D95B658EA7C213F43B76601C2E7F8DE9"
deps_digest = "060AD7E57DFB13104F21BE5F5C3759D03F0553FC3229247D9A7A6B45F50D03A3"

dependencies = [
  { name = "Oracle" },
  { name = "Sui" },
  { name = "SuiCoin" },
]

[[move.package]]
name = "MoveStdlib"
source = { git = "https://github.com/MystenLabs/sui.git", rev = "09b2081498366df936abae26eea4b2d5cafb2788", subdir = "crates/sui-framework/packages/move-stdlib" }

[[move.package]]
name = "Oracle"
source = { local = "../oracle" }

dependencies = [
  { name = "Pyth" },
  { name = "Sui" },
]

[[move.package]]
name = "Pyth"
source = { git = "https://github.com/pyth-network/pyth-crosschain.git", rev = "8b721c38dcf19b2acfa81ad0560a39ce144c3b97", subdir = "target_chains/sui/contracts" }

dependencies = [
  { name = "Sui" },
  { name = "Wormhole" },
]

[[move.package]]
name = "Sui"
source = { git = "https://github.com/MystenLabs/sui.git", rev = "09b2081498366df936abae26eea4b2d5cafb2788", subdir = "crates/sui-framework/packages/sui-framework" }

dependencies = [
  { name = "MoveStdlib" },
]

[[move.package]]
name = "SuiCoin"
source = { local = "../coin" }

dependencies = [
  { name = "Sui" },
]

[[move.package]]
name = "Wormhole"
source = { git = "https://github.com/wormhole-foundation/wormhole.git", rev = "d050ad1d67a5b7da9fb65030aad12ef5d774ccad", subdir = "sui/wormhole" }

dependencies = [
  { name = "Sui" },
]
