# @generated by Move, please check-in and do not edit manually.

[move]
version = 0

dependencies = [
  { name = "Oracle" },
  { name = "Sui" },
  { name = "SuiCoin" },
]

[[move.package]]
name = "MoveStdlib"
source = { local = "../../sui/crates/sui-framework/packages/move-stdlib" }

[[move.package]]
name = "Oracle"
source = { local = "../oracle" }

dependencies = [
  { name = "Sui" },
]

[[move.package]]
name = "Sui"
source = { local = "../../sui/crates/sui-framework/packages/sui-framework" }

dependencies = [
  { name = "MoveStdlib" },
]

[[move.package]]
name = "SuiCoin"
source = { local = "../coin" }

dependencies = [
  { name = "Sui" },
]
