# @generated by Move, please check-in and do not edit manually.

[move]
version = 0
manifest_digest = "AC353D22EA9FB164D24D224ABE09B2691A589C376BAB66FF06EBE84B29923798"
deps_digest = "F8BBB0CCB2491CA29A3DF03D6F92277A4F3574266507ACD77214D37ECA3F3082"

dependencies = [
  { name = "Sui" },
]

[[move.package]]
name = "MoveStdlib"
source = { git = "https://github.com/MystenLabs/sui.git", rev = "09b2081498366df936abae26eea4b2d5cafb2788", subdir = "crates/sui-framework/packages/move-stdlib" }

[[move.package]]
name = "Sui"
source = { git = "https://github.com/MystenLabs/sui.git", rev = "09b2081498366df936abae26eea4b2d5cafb2788", subdir = "crates/sui-framework/packages/sui-framework" }

dependencies = [
  { name = "MoveStdlib" },
]
